
Microsoft Visual Studio Solution File, Format Version 12.00
# Visual Studio Version 17
VisualStudioVersion = 17.4.33110.190
MinimumVisualStudioVersion = 10.0.40219.1
Project("{FAE04EC0-301F-11D3-BF4B-00C04F79EFBC}") = "FoodDelivery", "FoodDelivery\FoodDelivery.csproj", "{3022645F-A8BB-4AC7-B066-79000ADD275A}"
EndProject
Global
	GlobalSection(SolutionConfigurationPlatforms) = preSolution
		Debug|Any CPU = Debug|Any CPU
		Release|Any CPU = Release|Any CPU
	EndGlobalSection
	GlobalSection(ProjectConfigurationPlatforms) = postSolution
		{3022645F-A8BB-4AC7-B066-79000ADD275A}.Debug|Any CPU.ActiveCfg = Debug|Any CPU
		{3022645F-A8BB-4AC7-B066-79000ADD275A}.Debug|Any CPU.Build.0 = Debug|Any CPU
		{3022645F-A8BB-4AC7-B066-79000ADD275A}.Release|Any CPU.ActiveCfg = Release|Any CPU
		{3022645F-A8BB-4AC7-B066-79000ADD275A}.Release|Any CPU.Build.0 = Release|Any CPU
	EndGlobalSection
	GlobalSection(SolutionProperties) = preSolution
		HideSolutionNode = FALSE
	EndGlobalSection
	GlobalSection(ExtensibilityGlobals) = postSolution
		SolutionGuid = {4877256F-8146-4012-B477-9C0698F0CA55}
	EndGlobalSection
EndGlobal
